
Microsoft Visual Studio Solution File, Format Version 12.00
Project("{FAE04EC0-301F-11D3-BF4B-00C04F79EFBC}") = "Snake_Game", "Snake_Game\Snake_Game.csproj", "{8BF5758D-6E07-4457-A545-DA002046CBEF}"
EndProject
Global
	GlobalSection(SolutionConfigurationPlatforms) = preSolution
		Debug|Any CPU = Debug|Any CPU
		Release|Any CPU = Release|Any CPU
	EndGlobalSection
	GlobalSection(ProjectConfigurationPlatforms) = postSolution
		{8BF5758D-6E07-4457-A545-DA002046CBEF}.Debug|Any CPU.ActiveCfg = Debug|Any CPU
		{8BF5758D-6E07-4457-A545-DA002046CBEF}.Debug|Any CPU.Build.0 = Debug|Any CPU
		{8BF5758D-6E07-4457-A545-DA002046CBEF}.Release|Any CPU.ActiveCfg = Release|Any CPU
		{8BF5758D-6E07-4457-A545-DA002046CBEF}.Release|Any CPU.Build.0 = Release|Any CPU
	EndGlobalSection
EndGlobal
